{
  "name": "thesis",
  "version": "1.0.0",
  "lockfileVersion": 1,
  "requires": true,
  "dependencies": {
    "convert-csv-to-json": {
      "version": "0.0.15",
      "resolved": "https://registry.npmjs.org/convert-csv-to-json/-/convert-csv-to-json-0.0.15.tgz",
      "integrity": "sha512-mXpZWoSc3RXWuA50GAx/BAj+7GIWLmYCr2/IoW9L+cwwvRt6TkTY+15emUyeNInyfl5uZf+H6sQQkpKhjwJB0w=="
    },
    "fs": {
      "version": "0.0.1-security",
      "resolved": "https://registry.npmjs.org/fs/-/fs-0.0.1-security.tgz",
      "integrity": "sha1-invTcYa23d84E/I4WLV+yq9eQdQ="
    }
  }
}
